[1mdiff --git a/pubspec.lock b/pubspec.lock[m
[1mindex c9914eb..a4cb889 100644[m
[1m--- a/pubspec.lock[m
[1m+++ b/pubspec.lock[m
[36m@@ -564,10 +564,10 @@[m [mpackages:[m
     dependency: transitive[m
     description:[m
       name: matcher[m
[31m-      sha256: dc0b7dc7651697ea4ff3e69ef44b0407ea32c487a39fff6a4004fa585e901861[m
[32m+[m[32m      sha256: "12956d0ad8390bbcc63ca2e1469c0619946ccb52809807067a7020d57e647aa6"[m
       url: "https://pub.dev"[m
     source: hosted[m
[31m-    version: "0.12.19"[m
[32m+[m[32m    version: "0.12.18"[m
   material_color_utilities:[m
     dependency: transitive[m
     description:[m
[36m@@ -1001,10 +1001,10 @@[m [mpackages:[m
     dependency: transitive[m
     description:[m
       name: test_api[m
[31m-      sha256: "8161c84903fd860b26bfdefb7963b3f0b68fee7adea0f59ef805ecca346f0c7a"[m
[32m+[m[32m      sha256: "93167629bfc610f71560ab9312acdda4959de4df6fac7492c89ff0d3886f6636"[m
       url: "https://pub.dev"[m
     source: hosted[m
[31m-    version: "0.7.10"[m
[32m+[m[32m    version: "0.7.9"[m
   typed_data:[m
     dependency: transitive[m
     description:[m
